// !$*UTF8*$!
{
	archiveVersion = 1;
	classes = {
	};
	objectVersion = 48;
	objects = {

/* Begin PBXBuildFile section */
		9B3C27606228EA917337A0BA /* Pods_turkish_airlines_ios_api.framework in Frameworks */ = {isa = PBXBuildFile; fileRef = B4E1DBE312FDBDEE116A287B /* Pods_turkish_airlines_ios_api.framework */; };
		E3CAB7F520022ABB00377AE9 /* AppDelegate.swift in Sources */ = {isa = PBXBuildFile; fileRef = E3CAB7F420022ABB00377AE9 /* AppDelegate.swift */; };
		E3CAB7F720022ABB00377AE9 /* ViewController.swift in Sources */ = {isa = PBXBuildFile; fileRef = E3CAB7F620022ABB00377AE9 /* ViewController.swift */; };
		E3CAB7FA20022ABB00377AE9 /* Main.storyboard in Resources */ = {isa = PBXBuildFile; fileRef = E3CAB7F820022ABB00377AE9 /* Main.storyboard */; };
		E3CAB7FC20022ABB00377AE9 /* Assets.xcassets in Resources */ = {isa = PBXBuildFile; fileRef = E3CAB7FB20022ABB00377AE9 /* Assets.xcassets */; };
		E3CAB7FF20022ABB00377AE9 /* LaunchScreen.storyboard in Resources */ = {isa = PBXBuildFile; fileRef = E3CAB7FD20022ABB00377AE9 /* LaunchScreen.storyboard */; };
		E3CAB80720022AE600377AE9 /* Constants.swift in Sources */ = {isa = PBXBuildFile; fileRef = E3CAB80620022AE600377AE9 /* Constants.swift */; };
		E3CAB80B20022B0900377AE9 /* Port.swift in Sources */ = {isa = PBXBuildFile; fileRef = E3CAB80A20022B0900377AE9 /* Port.swift */; };
/* End PBXBuildFile section */

/* Begin PBXFileReference section */
		67860E4A3F46A3FB4553C5F4 /* Pods-turkish-airlines-ios-api.release.xcconfig */ = {isa = PBXFileReference; includeInIndex = 1; lastKnownFileType = text.xcconfig; name = "Pods-turkish-airlines-ios-api.release.xcconfig"; path = "Pods/Target Support Files/Pods-turkish-airlines-ios-api/Pods-turkish-airlines-ios-api.release.xcconfig"; sourceTree = "<group>"; };
		B4E1DBE312FDBDEE116A287B /* Pods_turkish_airlines_ios_api.framework */ = {isa = PBXFileReference; explicitFileType = wrapper.framework; includeInIndex = 0; path = Pods_turkish_airlines_ios_api.framework; sourceTree = BUILT_PRODUCTS_DIR; };
		E3CAB7F120022ABB00377AE9 /* turkish-airlines-ios-api.app */ = {isa = PBXFileReference; explicitFileType = wrapper.application; includeInIndex = 0; path = "turkish-airlines-ios-api.app"; sourceTree = BUILT_PRODUCTS_DIR; };
		E3CAB7F420022ABB00377AE9 /* AppDelegate.swift */ = {isa = PBXFileReference; lastKnownFileType = sourcecode.swift; path = AppDelegate.swift; sourceTree = "<group>"; };
		E3CAB7F620022ABB00377AE9 /* ViewController.swift */ = {isa = PBXFileReference; lastKnownFileType = sourcecode.swift; path = ViewController.swift; sourceTree = "<group>"; };
		E3CAB7F920022ABB00377AE9 /* Base */ = {isa = PBXFileReference; lastKnownFileType = file.storyboard; name = Base; path = Base.lproj/Main.storyboard; sourceTree = "<group>"; };
		E3CAB7FB20022ABB00377AE9 /* Assets.xcassets */ = {isa = PBXFileReference; lastKnownFileType = folder.assetcatalog; path = Assets.xcassets; sourceTree = "<group>"; };
		E3CAB7FE20022ABB00377AE9 /* Base */ = {isa = PBXFileReference; lastKnownFileType = file.storyboard; name = Base; path = Base.lproj/LaunchScreen.storyboard; sourceTree = "<group>"; };
		E3CAB80020022ABB00377AE9 /* Info.plist */ = {isa = PBXFileReference; lastKnownFileType = text.plist.xml; path = Info.plist; sourceTree = "<group>"; };
		E3CAB80620022AE600377AE9 /* Constants.swift */ = {isa = PBXFileReference; fileEncoding = 4; lastKnownFileType = sourcecode.swift; path = Constants.swift; sourceTree = "<group>"; };
		E3CAB80A20022B0900377AE9 /* Port.swift */ = {isa = PBXFileReference; lastKnownFileType = sourcecode.swift; path = Port.swift; sourceTree = "<group>"; };
		FE4AFF427C0ECFD6A8F0B862 /* Pods-turkish-airlines-ios-api.debug.xcconfig */ = {isa = PBXFileReference; includeInIndex = 1; lastKnownFileType = text.xcconfig; name = "Pods-turkish-airlines-ios-api.debug.xcconfig"; path = "Pods/Target Support Files/Pods-turkish-airlines-ios-api/Pods-turkish-airlines-ios-api.debug.xcconfig"; sourceTree = "<group>"; };
/* End PBXFileReference section */

/* Begin PBXFrameworksBuildPhase section */
		E3CAB7EE20022ABB00377AE9 /* Frameworks */ = {
			isa = PBXFrameworksBuildPhase;
			buildActionMask = 2147483647;
			files = (
				9B3C27606228EA917337A0BA /* Pods_turkish_airlines_ios_api.framework in Frameworks */,
			);
			runOnlyForDeploymentPostprocessing = 0;
		};
/* End PBXFrameworksBuildPhase section */

/* Begin PBXGroup section */
		36E162967E9511477010B59B /* Frameworks */ = {
			isa = PBXGroup;
			children = (
				B4E1DBE312FDBDEE116A287B /* Pods_turkish_airlines_ios_api.framework */,
			);
			name = Frameworks;
			sourceTree = "<group>";
		};
		A03E118BD6D09AE03A6C361A /* Pods */ = {
			isa = PBXGroup;
			children = (
				FE4AFF427C0ECFD6A8F0B862 /* Pods-turkish-airlines-ios-api.debug.xcconfig */,
				67860E4A3F46A3FB4553C5F4 /* Pods-turkish-airlines-ios-api.release.xcconfig */,
			);
			name = Pods;
			sourceTree = "<group>";
		};
		E3CAB7E820022ABB00377AE9 = {
			isa = PBXGroup;
			children = (
				E3CAB7F320022ABB00377AE9 /* turkish-airlines-ios-api */,
				E3CAB7F220022ABB00377AE9 /* Products */,
				A03E118BD6D09AE03A6C361A /* Pods */,
				36E162967E9511477010B59B /* Frameworks */,
			);
			sourceTree = "<group>";
		};
		E3CAB7F220022ABB00377AE9 /* Products */ = {
			isa = PBXGroup;
			children = (
				E3CAB7F120022ABB00377AE9 /* turkish-airlines-ios-api.app */,
			);
			name = Products;
			sourceTree = "<group>";
		};
		E3CAB7F320022ABB00377AE9 /* turkish-airlines-ios-api */ = {
			isa = PBXGroup;
			children = (
				E3CAB80920022AF800377AE9 /* Controller */,
				E3CAB80820022AF300377AE9 /* Model */,
				E3CAB7F420022ABB00377AE9 /* AppDelegate.swift */,
				E3CAB80620022AE600377AE9 /* Constants.swift */,
				E3CAB7F820022ABB00377AE9 /* Main.storyboard */,
				E3CAB7FB20022ABB00377AE9 /* Assets.xcassets */,
				E3CAB7FD20022ABB00377AE9 /* LaunchScreen.storyboard */,
				E3CAB80020022ABB00377AE9 /* Info.plist */,
			);
			path = "turkish-airlines-ios-api";
			sourceTree = "<group>";
		};
		E3CAB80820022AF300377AE9 /* Model */ = {
			isa = PBXGroup;
			children = (
				E3CAB80A20022B0900377AE9 /* Port.swift */,
			);
			path = Model;
			sourceTree = "<group>";
		};
		E3CAB80920022AF800377AE9 /* Controller */ = {
			isa = PBXGroup;
			children = (
				E3CAB7F620022ABB00377AE9 /* ViewController.swift */,
			);
			path = Controller;
			sourceTree = "<group>";
		};
/* End PBXGroup section */

/* Begin PBXNativeTarget section */
		E3CAB7F020022ABB00377AE9 /* turkish-airlines-ios-api */ = {
			isa = PBXNativeTarget;
			buildConfigurationList = E3CAB80320022ABB00377AE9 /* Build configuration list for PBXNativeTarget "turkish-airlines-ios-api" */;
			buildPhases = (
				366E6177B8D9FA9C1853EF72 /* [CP] Check Pods Manifest.lock */,
				E3CAB7ED20022ABB00377AE9 /* Sources */,
				E3CAB7EE20022ABB00377AE9 /* Frameworks */,
				E3CAB7EF20022ABB00377AE9 /* Resources */,
				451FE58A93C45CB3B45B150D /* [CP] Embed Pods Frameworks */,
				8B4CFFA3008283C538EE4237 /* [CP] Copy Pods Resources */,
			);
			buildRules = (
			);
			dependencies = (
			);
			name = "turkish-airlines-ios-api";
			productName = "turkish-airlines-ios-api";
			productReference = E3CAB7F120022ABB00377AE9 /* turkish-airlines-ios-api.app */;
			productType = "com.apple.product-type.application";
		};
/* End PBXNativeTarget section */

/* Begin PBXProject section */
		E3CAB7E920022ABB00377AE9 /* Project object */ = {
			isa = PBXProject;
			attributes = {
				LastSwiftUpdateCheck = 0920;
				LastUpgradeCheck = 0920;
				ORGANIZATIONNAME = unofficial;
				TargetAttributes = {
					E3CAB7F020022ABB00377AE9 = {
						CreatedOnToolsVersion = 9.2;
						ProvisioningStyle = Automatic;
					};
				};
			};
			buildConfigurationList = E3CAB7EC20022ABB00377AE9 /* Build configuration list for PBXProject "turkish-airlines-ios-api" */;
			compatibilityVersion = "Xcode 8.0";
			developmentRegion = en;
			hasScannedForEncodings = 0;
			knownRegions = (
				en,
				Base,
			);
			mainGroup = E3CAB7E820022ABB00377AE9;
			productRefGroup = E3CAB7F220022ABB00377AE9 /* Products */;
			projectDirPath = "";
			projectRoot = "";
			targets = (
				E3CAB7F020022ABB00377AE9 /* turkish-airlines-ios-api */,
			);
		};
/* End PBXProject section */

/* Begin PBXResourcesBuildPhase section */
		E3CAB7EF20022ABB00377AE9 /* Resources */ = {
			isa = PBXResourcesBuildPhase;
			buildActionMask = 2147483647;
			files = (
				E3CAB7FF20022ABB00377AE9 /* LaunchScreen.storyboard in Resources */,
				E3CAB7FC20022ABB00377AE9 /* Assets.xcassets in Resources */,
				E3CAB7FA20022ABB00377AE9 /* Main.storyboard in Resources */,
			);
			runOnlyForDeploymentPostprocessing = 0;
		};
/* End PBXResourcesBuildPhase section */

/* Begin PBXShellScriptBuildPhase section */
		366E6177B8D9FA9C1853EF72 /* [CP] Check Pods Manifest.lock */ = {
			isa = PBXShellScriptBuildPhase;
			buildActionMask = 2147483647;
			files = (
			);
			inputPaths = (
				"${PODS_PODFILE_DIR_PATH}/Podfile.lock",
				"${PODS_ROOT}/Manifest.lock",
			);
			name = "[CP] Check Pods Manifest.lock";
			outputPaths = (
				"$(DERIVED_FILE_DIR)/Pods-turkish-airlines-ios-api-checkManifestLockResult.txt",
			);
			runOnlyForDeploymentPostprocessing = 0;
			shellPath = /bin/sh;
			shellScript = "diff \"${PODS_PODFILE_DIR_PATH}/Podfile.lock\" \"${PODS_ROOT}/Manifest.lock\" > /dev/null\nif [ $? != 0 ] ; then\n    # print error to STDERR\n    echo \"error: The sandbox is not in sync with the Podfile.lock. Run 'pod install' or update your CocoaPods installation.\" >&2\n    exit 1\nfi\n# This output is used by Xcode 'outputs' to avoid re-running this script phase.\necho \"SUCCESS\" > \"${SCRIPT_OUTPUT_FILE_0}\"\n";
			showEnvVarsInLog = 0;
		};
		451FE58A93C45CB3B45B150D /* [CP] Embed Pods Frameworks */ = {
			isa = PBXShellScriptBuildPhase;
			buildActionMask = 2147483647;
			files = (
			);
			inputPaths = (
				"${SRCROOT}/Pods/Target Support Files/Pods-turkish-airlines-ios-api/Pods-turkish-airlines-ios-api-frameworks.sh",
				"${BUILT_PRODUCTS_DIR}/Alamofire/Alamofire.framework",
				"${BUILT_PRODUCTS_DIR}/SwiftyJSON/SwiftyJSON.framework",
			);
			name = "[CP] Embed Pods Frameworks";
			outputPaths = (
				"${TARGET_BUILD_DIR}/${FRAMEWORKS_FOLDER_PATH}/Alamofire.framework",
				"${TARGET_BUILD_DIR}/${FRAMEWORKS_FOLDER_PATH}/SwiftyJSON.framework",
			);
			runOnlyForDeploymentPostprocessing = 0;
			shellPath = /bin/sh;
			shellScript = "\"${SRCROOT}/Pods/Target Support Files/Pods-turkish-airlines-ios-api/Pods-turkish-airlines-ios-api-frameworks.sh\"\n";
			showEnvVarsInLog = 0;
		};
		8B4CFFA3008283C538EE4237 /* [CP] Copy Pods Resources */ = {
			isa = PBXShellScriptBuildPhase;
			buildActionMask = 2147483647;
			files = (
			);
			inputPaths = (
			);
			name = "[CP] Copy Pods Resources";
			outputPaths = (
			);
			runOnlyForDeploymentPostprocessing = 0;
			shellPath = /bin/sh;
			shellScript = "\"${SRCROOT}/Pods/Target Support Files/Pods-turkish-airlines-ios-api/Pods-turkish-airlines-ios-api-resources.sh\"\n";
			showEnvVarsInLog = 0;
		};
/* End PBXShellScriptBuildPhase section */

/* Begin PBXSourcesBuildPhase section */
		E3CAB7ED20022ABB00377AE9 /* Sources */ = {
			isa = PBXSourcesBuildPhase;
			buildActionMask = 2147483647;
			files = (
				E3CAB7F720022ABB00377AE9 /* ViewController.swift in Sources */,
				E3CAB7F520022ABB00377AE9 /* AppDelegate.swift in Sources */,
				E3CAB80720022AE600377AE9 /* Constants.swift in Sources */,
				E3CAB80B20022B0900377AE9 /* Port.swift in Sources */,
			);
			runOnlyForDeploymentPostprocessing = 0;
		};
/* End PBXSourcesBuildPhase section */

/* Begin PBXVariantGroup section */
		E3CAB7F820022ABB00377AE9 /* Main.storyboard */ = {
			isa = PBXVariantGroup;
			children = (
				E3CAB7F920022ABB00377AE9 /* Base */,
			);
			name = Main.storyboard;
			sourceTree = "<group>";
		};
		E3CAB7FD20022ABB00377AE9 /* LaunchScreen.storyboard */ = {
			isa = PBXVariantGroup;
			children = (
				E3CAB7FE20022ABB00377AE9 /* Base */,
			);
			name = LaunchScreen.storyboard;
			sourceTree = "<group>";
		};
/* End PBXVariantGroup section */

/* Begin XCBuildConfiguration section */
		E3CAB80120022ABB00377AE9 /* Debug */ = {
			isa = XCBuildConfiguration;
			buildSettings = {
				ALWAYS_SEARCH_USER_PATHS = NO;
				CLANG_ANALYZER_NONNULL = YES;
				CLANG_ANALYZER_NUMBER_OBJECT_CONVERSION = YES_AGGRESSIVE;
				CLANG_CXX_LANGUAGE_STANDARD = "gnu++14";
				CLANG_CXX_LIBRARY = "libc++";
				CLANG_ENABLE_MODULES = YES;
				CLANG_ENABLE_OBJC_ARC = YES;
				CLANG_WARN_BLOCK_CAPTURE_AUTORELEASING = YES;
				CLANG_WARN_BOOL_CONVERSION = YES;
				CLANG_WARN_COMMA = YES;
				CLANG_WARN_CONSTANT_CONVERSION = YES;
				CLANG_WARN_DIRECT_OBJC_ISA_USAGE = YES_ERROR;
				CLANG_WARN_DOCUMENTATION_COMMENTS = YES;
				CLANG_WARN_EMPTY_BODY = YES;
				CLANG_WARN_ENUM_CONVERSION = YES;
				CLANG_WARN_INFINITE_RECURSION = YES;
				CLANG_WARN_INT_CONVERSION = YES;
				CLANG_WARN_NON_LITERAL_NULL_CONVERSION = YES;
				CLANG_WARN_OBJC_LITERAL_CONVERSION = YES;
				CLANG_WARN_OBJC_ROOT_CLASS = YES_ERROR;
				CLANG_WARN_RANGE_LOOP_ANALYSIS = YES;
				CLANG_WARN_STRICT_PROTOTYPES = YES;
				CLANG_WARN_SUSPICIOUS_MOVE = YES;
				CLANG_WARN_UNGUARDED_AVAILABILITY = YES_AGGRESSIVE;
				CLANG_WARN_UNREACHABLE_CODE = YES;
				CLANG_WARN__DUPLICATE_METHOD_MATCH = YES;
				CODE_SIGN_IDENTITY = "iPhone Developer";
				COPY_PHASE_STRIP = NO;
				DEBUG_INFORMATION_FORMAT = dwarf;
				ENABLE_STRICT_OBJC_MSGSEND = YES;
				ENABLE_TESTABILITY = YES;
				GCC_C_LANGUAGE_STANDARD = gnu11;
				GCC_DYNAMIC_NO_PIC = NO;
				GCC_NO_COMMON_BLOCKS = YES;
				GCC_OPTIMIZATION_LEVEL = 0;
				GCC_PREPROCESSOR_DEFINITIONS = (
					"DEBUG=1",
					"$(inherited)",
				);
				GCC_WARN_64_TO_32_BIT_CONVERSION = YES;
				GCC_WARN_ABOUT_RETURN_TYPE = YES_ERROR;
				GCC_WARN_UNDECLARED_SELECTOR = YES;
				GCC_WARN_UNINITIALIZED_AUTOS = YES_AGGRESSIVE;
				GCC_WARN_UNUSED_FUNCTION = YES;
				GCC_WARN_UNUSED_VARIABLE = YES;
				IPHONEOS_DEPLOYMENT_TARGET = 11.2;
				MTL_ENABLE_DEBUG_INFO = YES;
				ONLY_ACTIVE_ARCH = YES;
				SDKROOT = iphoneos;
				SWIFT_ACTIVE_COMPILATION_CONDITIONS = DEBUG;
				SWIFT_OPTIMIZATION_LEVEL = "-Onone";
			};
			name = Debug;
		};
		E3CAB80220022ABB00377AE9 /* Release */ = {
			isa = XCBuildConfiguration;
			buildSettings = {
				ALWAYS_SEARCH_USER_PATHS = NO;
				CLANG_ANALYZER_NONNULL = YES;
				CLANG_ANALYZER_NUMBER_OBJECT_CONVERSION = YES_AGGRESSIVE;
				CLANG_CXX_LANGUAGE_STANDARD = "gnu++14";
				CLANG_CXX_LIBRARY = "libc++";
				CLANG_ENABLE_MODULES = YES;
				CLANG_ENABLE_OBJC_ARC = YES;
				CLANG_WARN_BLOCK_CAPTURE_AUTORELEASING = YES;
				CLANG_WARN_BOOL_CONVERSION = YES;
				CLANG_WARN_COMMA = YES;
				CLANG_WARN_CONSTANT_CONVERSION = YES;
				CLANG_WARN_DIRECT_OBJC_ISA_USAGE = YES_ERROR;
				CLANG_WARN_DOCUMENTATION_COMMENTS = YES;
				CLANG_WARN_EMPTY_BODY = YES;
				CLANG_WARN_ENUM_CONVERSION = YES;
				CLANG_WARN_INFINITE_RECURSION = YES;
				CLANG_WARN_INT_CONVERSION = YES;
				CLANG_WARN_NON_LITERAL_NULL_CONVERSION = YES;
				CLANG_WARN_OBJC_LITERAL_CONVERSION = YES;
				CLANG_WARN_OBJC_ROOT_CLASS = YES_ERROR;
				CLANG_WARN_RANGE_LOOP_ANALYSIS = YES;
				CLANG_WARN_STRICT_PROTOTYPES = YES;
				CLANG_WARN_SUSPICIOUS_MOVE = YES;
				CLANG_WARN_UNGUARDED_AVAILABILITY = YES_AGGRESSIVE;
				CLANG_WARN_UNREACHABLE_CODE = YES;
				CLANG_WARN__DUPLICATE_METHOD_MATCH = YES;
				CODE_SIGN_IDENTITY = "iPhone Developer";
				COPY_PHASE_STRIP = NO;
				DEBUG_INFORMATION_FORMAT = "dwarf-with-dsym";
				ENABLE_NS_ASSERTIONS = NO;
				ENABLE_STRICT_OBJC_MSGSEND = YES;
				GCC_C_LANGUAGE_STANDARD = gnu11;
				GCC_NO_COMMON_BLOCKS = YES;
				GCC_WARN_64_TO_32_BIT_CONVERSION = YES;
				GCC_WARN_ABOUT_RETURN_TYPE = YES_ERROR;
				GCC_WARN_UNDECLARED_SELECTOR = YES;
				GCC_WARN_UNINITIALIZED_AUTOS = YES_AGGRESSIVE;
				GCC_WARN_UNUSED_FUNCTION = YES;
				GCC_WARN_UNUSED_VARIABLE = YES;
				IPHONEOS_DEPLOYMENT_TARGET = 11.2;
				MTL_ENABLE_DEBUG_INFO = NO;
				SDKROOT = iphoneos;
				SWIFT_OPTIMIZATION_LEVEL = "-Owholemodule";
				VALIDATE_PRODUCT = YES;
			};
			name = Release;
		};
		E3CAB80420022ABB00377AE9 /* Debug */ = {
			isa = XCBuildConfiguration;
			baseConfigurationReference = FE4AFF427C0ECFD6A8F0B862 /* Pods-turkish-airlines-ios-api.debug.xcconfig */;
			buildSettings = {
				ASSETCATALOG_COMPILER_APPICON_NAME = AppIcon;
				CODE_SIGN_STYLE = Automatic;
				DEVELOPMENT_TEAM = 6CWR97EZ4E;
				INFOPLIST_FILE = "turkish-airlines-ios-api/Info.plist";
				IPHONEOS_DEPLOYMENT_TARGET = 11.0;
				LD_RUNPATH_SEARCH_PATHS = "$(inherited) @executable_path/Frameworks";
				PRODUCT_BUNDLE_IDENTIFIER = "unofficial.turkish-airlines-ios-api";
				PRODUCT_NAME = "$(TARGET_NAME)";
				SWIFT_VERSION = 4.0;
				TARGETED_DEVICE_FAMILY = "1,2";
			};
			name = Debug;
		};
		E3CAB80520022ABB00377AE9 /* Release */ = {
			isa = XCBuildConfiguration;
			baseConfigurationReference = 67860E4A3F46A3FB4553C5F4 /* Pods-turkish-airlines-ios-api.release.xcconfig */;
			buildSettings = {
				ASSETCATALOG_COMPILER_APPICON_NAME = AppIcon;
				CODE_SIGN_STYLE = Automatic;
				DEVELOPMENT_TEAM = 6CWR97EZ4E;
				INFOPLIST_FILE = "turkish-airlines-ios-api/Info.plist";
				IPHONEOS_DEPLOYMENT_TARGET = 11.0;
				LD_RUNPATH_SEARCH_PATHS = "$(inherited) @executable_path/Frameworks";
				PRODUCT_BUNDLE_IDENTIFIER = "unofficial.turkish-airlines-ios-api";
				PRODUCT_NAME = "$(TARGET_NAME)";
				SWIFT_VERSION = 4.0;
				TARGETED_DEVICE_FAMILY = "1,2";
			};
			name = Release;
		};
/* End XCBuildConfiguration section */

/* Begin XCConfigurationList section */
		E3CAB7EC20022ABB00377AE9 /* Build configuration list for PBXProject "turkish-airlines-ios-api" */ = {
			isa = XCConfigurationList;
			buildConfigurations = (
				E3CAB80120022ABB00377AE9 /* Debug */,
				E3CAB80220022ABB00377AE9 /* Release */,
			);
			defaultConfigurationIsVisible = 0;
			defaultConfigurationName = Release;
		};
		E3CAB80320022ABB00377AE9 /* Build configuration list for PBXNativeTarget "turkish-airlines-ios-api" */ = {
			isa = XCConfigurationList;
			buildConfigurations = (
				E3CAB80420022ABB00377AE9 /* Debug */,
				E3CAB80520022ABB00377AE9 /* Release */,
			);
			defaultConfigurationIsVisible = 0;
			defaultConfigurationName = Release;
		};
/* End XCConfigurationList section */
	};
	rootObject = E3CAB7E920022ABB00377AE9 /* Project object */;
}
